Microsoft Visual Studio Solution File, Format Version 12.00
# Visual Studio Version 16
VisualStudioVersion = 16.0.0.0
MinimumVisualStudioVersion = 16.0.0.0
Project("{9A19103F-16F7-4668-BE54-9A1E7A4F7556}") = "BlazorWithgRPC.Server", "Server\BlazorWithgRPC.Server.csproj", "{640E9A26-113D-4365-9037-7191009FD96E}"
EndProject
Project("{9A19103F-16F7-4668-BE54-9A1E7A4F7556}") = "BlazorWithgRPC.Client", "Client\BlazorWithgRPC.Client.csproj", "{62939FA8-A8F6-41FE-94DB-8EBD583A77A5}"
EndProject
Project("{9A19103F-16F7-4668-BE54-9A1E7A4F7556}") = "BlazorWithgRPC.Shared", "Shared\BlazorWithgRPC.Shared.csproj", "{9587A500-D8C0-4A00-99CC-FB5D099E77E7}"
EndProject
Global
	GlobalSection(SolutionConfigurationPlatforms) = preSolution
		Debug|Any CPU = Debug|Any CPU
		Debug|x64 = Debug|x64
		Debug|x86 = Debug|x86
		Release|Any CPU = Release|Any CPU
		Release|x64 = Release|x64
		Release|x86 = Release|x86
	EndGlobalSection
	GlobalSection(ProjectConfigurationPlatforms) = postSolution
		{62939FA8-A8F6-41FE-94DB-8EBD583A77A5}.Debug|Any CPU.ActiveCfg = Debug|Any CPU
		{62939FA8-A8F6-41FE-94DB-8EBD583A77A5}.Debug|Any CPU.Build.0 = Debug|Any CPU
		{62939FA8-A8F6-41FE-94DB-8EBD583A77A5}.Debug|x64.ActiveCfg = Debug|Any CPU
		{62939FA8-A8F6-41FE-94DB-8EBD583A77A5}.Debug|x64.Build.0 = Debug|Any CPU
		{62939FA8-A8F6-41FE-94DB-8EBD583A77A5}.Debug|x86.ActiveCfg = Debug|Any CPU
		{62939FA8-A8F6-41FE-94DB-8EBD583A77A5}.Debug|x86.Build.0 = Debug|Any CPU
		{62939FA8-A8F6-41FE-94DB-8EBD583A77A5}.Release|Any CPU.ActiveCfg = Release|Any CPU
		{62939FA8-A8F6-41FE-94DB-8EBD583A77A5}.Release|Any CPU.Build.0 = Release|Any CPU
		{62939FA8-A8F6-41FE-94DB-8EBD583A77A5}.Release|x64.ActiveCfg = Release|Any CPU
		{62939FA8-A8F6-41FE-94DB-8EBD583A77A5}.Release|x64.Build.0 = Release|Any CPU
		{62939FA8-A8F6-41FE-94DB-8EBD583A77A5}.Release|x86.ActiveCfg = Release|Any CPU
		{62939FA8-A8F6-41FE-94DB-8EBD583A77A5}.Release|x86.Build.0 = Release|Any CPU
		{640E9A26-113D-4365-9037-7191009FD96E}.Debug|Any CPU.ActiveCfg = Debug|Any CPU
		{640E9A26-113D-4365-9037-7191009FD96E}.Debug|Any CPU.Build.0 = Debug|Any CPU
		{640E9A26-113D-4365-9037-7191009FD96E}.Debug|x64.ActiveCfg = Debug|Any CPU
		{640E9A26-113D-4365-9037-7191009FD96E}.Debug|x64.Build.0 = Debug|Any CPU
		{640E9A26-113D-4365-9037-7191009FD96E}.Debug|x86.ActiveCfg = Debug|Any CPU
		{640E9A26-113D-4365-9037-7191009FD96E}.Debug|x86.Build.0 = Debug|Any CPU
		{640E9A26-113D-4365-9037-7191009FD96E}.Release|Any CPU.ActiveCfg = Release|Any CPU
		{640E9A26-113D-4365-9037-7191009FD96E}.Release|Any CPU.Build.0 = Release|Any CPU
		{640E9A26-113D-4365-9037-7191009FD96E}.Release|x64.ActiveCfg = Release|Any CPU
		{640E9A26-113D-4365-9037-7191009FD96E}.Release|x64.Build.0 = Release|Any CPU
		{640E9A26-113D-4365-9037-7191009FD96E}.Release|x86.ActiveCfg = Release|Any CPU
		{640E9A26-113D-4365-9037-7191009FD96E}.Release|x86.Build.0 = Release|Any CPU
		{9587A500-D8C0-4A00-99CC-FB5D099E77E7}.Debug|Any CPU.ActiveCfg = Debug|Any CPU
		{9587A500-D8C0-4A00-99CC-FB5D099E77E7}.Debug|Any CPU.Build.0 = Debug|Any CPU
		{9587A500-D8C0-4A00-99CC-FB5D099E77E7}.Debug|x64.ActiveCfg = Debug|Any CPU
		{9587A500-D8C0-4A00-99CC-FB5D099E77E7}.Debug|x64.Build.0 = Debug|Any CPU
		{9587A500-D8C0-4A00-99CC-FB5D099E77E7}.Debug|x86.ActiveCfg = Debug|Any CPU
		{9587A500-D8C0-4A00-99CC-FB5D099E77E7}.Debug|x86.Build.0 = Debug|Any CPU
		{9587A500-D8C0-4A00-99CC-FB5D099E77E7}.Release|Any CPU.ActiveCfg = Release|Any CPU
		{9587A500-D8C0-4A00-99CC-FB5D099E77E7}.Release|Any CPU.Build.0 = Release|Any CPU
		{9587A500-D8C0-4A00-99CC-FB5D099E77E7}.Release|x64.ActiveCfg = Release|Any CPU
		{9587A500-D8C0-4A00-99CC-FB5D099E77E7}.Release|x64.Build.0 = Release|Any CPU
		{9587A500-D8C0-4A00-99CC-FB5D099E77E7}.Release|x86.ActiveCfg = Release|Any CPU
		{9587A500-D8C0-4A00-99CC-FB5D099E77E7}.Release|x86.Build.0 = Release|Any CPU
	EndGlobalSection
	GlobalSection(SolutionProperties) = preSolution
		HideSolutionNode = FALSE
	EndGlobalSection
	GlobalSection(ExtensibilityGlobals) = postSolution
		SolutionGuid = {EBAD78C4-F802-48C9-A9DC-2D98E7DC93E4}
	EndGlobalSection
EndGlobal